
Microsoft Visual Studio Solution File, Format Version 12.00
# Visual Studio Version 17
VisualStudioVersion = 17.9.34728.123
MinimumVisualStudioVersion = 10.0.40219.1
Project("{FAE04EC0-301F-11D3-BF4B-00C04F79EFBC}") = "EVF1_U1-Felipe-Castillo", "EVF1_U1-Felipe-Castillo.csproj", "{93218860-B33B-4BF5-9B8F-5533F8783A7F}"
EndProject
Global
	GlobalSection(SolutionConfigurationPlatforms) = preSolution
		Debug|Any CPU = Debug|Any CPU
		Release|Any CPU = Release|Any CPU
	EndGlobalSection
	GlobalSection(ProjectConfigurationPlatforms) = postSolution
		{93218860-B33B-4BF5-9B8F-5533F8783A7F}.Debug|Any CPU.ActiveCfg = Debug|Any CPU
		{93218860-B33B-4BF5-9B8F-5533F8783A7F}.Debug|Any CPU.Build.0 = Debug|Any CPU
		{93218860-B33B-4BF5-9B8F-5533F8783A7F}.Release|Any CPU.ActiveCfg = Release|Any CPU
		{93218860-B33B-4BF5-9B8F-5533F8783A7F}.Release|Any CPU.Build.0 = Release|Any CPU
	EndGlobalSection
	GlobalSection(SolutionProperties) = preSolution
		HideSolutionNode = FALSE
	EndGlobalSection
	GlobalSection(ExtensibilityGlobals) = postSolution
		SolutionGuid = {6C46780C-F8AA-473C-8902-7B0785BFF89A}
	EndGlobalSection
EndGlobal
